
Microsoft Visual Studio Solution File, Format Version 11.00
# Visual Studio 2010
Project("{FAE04EC0-301F-11D3-BF4B-00C04F79EFBC}") = "SizSelCsZzz", "SizSelCsZzz\SizSelCsZzz.csproj", "{9E339DFB-76F1-4C6B-AF56-7BC9D86F176E}"
EndProject
Project("{FAE04EC0-301F-11D3-BF4B-00C04F79EFBC}") = "SizSelCsZzz.Test", "SizSelCsZzz.Test\SizSelCsZzz.Test.csproj", "{95BAEDAC-9EB4-4062-ADFB-7FD7367CC92B}"
EndProject
Global
	GlobalSection(SolutionConfigurationPlatforms) = preSolution
		Debug|Any CPU = Debug|Any CPU
		Release|Any CPU = Release|Any CPU
	EndGlobalSection
	GlobalSection(ProjectConfigurationPlatforms) = postSolution
		{9E339DFB-76F1-4C6B-AF56-7BC9D86F176E}.Debug|Any CPU.ActiveCfg = Debug|Any CPU
		{9E339DFB-76F1-4C6B-AF56-7BC9D86F176E}.Debug|Any CPU.Build.0 = Debug|Any CPU
		{9E339DFB-76F1-4C6B-AF56-7BC9D86F176E}.Release|Any CPU.ActiveCfg = Release|Any CPU
		{9E339DFB-76F1-4C6B-AF56-7BC9D86F176E}.Release|Any CPU.Build.0 = Release|Any CPU
		{95BAEDAC-9EB4-4062-ADFB-7FD7367CC92B}.Debug|Any CPU.ActiveCfg = Debug|Any CPU
		{95BAEDAC-9EB4-4062-ADFB-7FD7367CC92B}.Debug|Any CPU.Build.0 = Debug|Any CPU
		{95BAEDAC-9EB4-4062-ADFB-7FD7367CC92B}.Release|Any CPU.ActiveCfg = Release|Any CPU
		{95BAEDAC-9EB4-4062-ADFB-7FD7367CC92B}.Release|Any CPU.Build.0 = Release|Any CPU
	EndGlobalSection
	GlobalSection(SolutionProperties) = preSolution
		HideSolutionNode = FALSE
	EndGlobalSection
EndGlobal
